
Microsoft Visual Studio Solution File, Format Version 12.00
# Visual Studio 14
VisualStudioVersion = 14.0.25420.1
MinimumVisualStudioVersion = 10.0.40219.1
Project("{FAE04EC0-301F-11D3-BF4B-00C04F79EFBC}") = "Common", "Common\Common.csproj", "{44D87CE1-972A-4572-BED3-62088CF351E2}"
EndProject
Project("{FAE04EC0-301F-11D3-BF4B-00C04F79EFBC}") = "ClientModel", "ClientModel\ClientModel.csproj", "{9B0FB3B0-7E0A-42FD-A828-9DEE1ACA10B5}"
EndProject
Project("{2150E333-8FDC-42A3-9474-1A3956D46DE8}") = "Solution Items", "Solution Items", "{2EB1B5D2-90A3-4A4C-B0EA-F0080D344120}"
	ProjectSection(SolutionItems) = preProject
		Local.testsettings = Local.testsettings
		README.md = README.md
	EndProjectSection
EndProject
Project("{FAE04EC0-301F-11D3-BF4B-00C04F79EFBC}") = "Tests", "Tests\Tests.csproj", "{34BF45D1-9BD9-40B5-9AA0-2BDC43A1783E}"
EndProject
Global
	GlobalSection(SolutionConfigurationPlatforms) = preSolution
		Debug|Any CPU = Debug|Any CPU
		Release|Any CPU = Release|Any CPU
	EndGlobalSection
	GlobalSection(ProjectConfigurationPlatforms) = postSolution
		{44D87CE1-972A-4572-BED3-62088CF351E2}.Debug|Any CPU.ActiveCfg = Debug|Any CPU
		{44D87CE1-972A-4572-BED3-62088CF351E2}.Debug|Any CPU.Build.0 = Debug|Any CPU
		{44D87CE1-972A-4572-BED3-62088CF351E2}.Release|Any CPU.ActiveCfg = Release|Any CPU
		{44D87CE1-972A-4572-BED3-62088CF351E2}.Release|Any CPU.Build.0 = Release|Any CPU
		{9B0FB3B0-7E0A-42FD-A828-9DEE1ACA10B5}.Debug|Any CPU.ActiveCfg = Debug|Any CPU
		{9B0FB3B0-7E0A-42FD-A828-9DEE1ACA10B5}.Debug|Any CPU.Build.0 = Debug|Any CPU
		{9B0FB3B0-7E0A-42FD-A828-9DEE1ACA10B5}.Release|Any CPU.ActiveCfg = Release|Any CPU
		{9B0FB3B0-7E0A-42FD-A828-9DEE1ACA10B5}.Release|Any CPU.Build.0 = Release|Any CPU
		{34BF45D1-9BD9-40B5-9AA0-2BDC43A1783E}.Debug|Any CPU.ActiveCfg = Debug|Any CPU
		{34BF45D1-9BD9-40B5-9AA0-2BDC43A1783E}.Debug|Any CPU.Build.0 = Debug|Any CPU
		{34BF45D1-9BD9-40B5-9AA0-2BDC43A1783E}.Release|Any CPU.ActiveCfg = Release|Any CPU
		{34BF45D1-9BD9-40B5-9AA0-2BDC43A1783E}.Release|Any CPU.Build.0 = Release|Any CPU
	EndGlobalSection
	GlobalSection(SolutionProperties) = preSolution
		HideSolutionNode = FALSE
	EndGlobalSection
EndGlobal
